
Microsoft Visual Studio Solution File, Format Version 12.00
# Visual Studio Version 16
VisualStudioVersion = 16.0.29123.88
MinimumVisualStudioVersion = 10.0.40219.1
Project("{9A19103F-16F7-4668-BE54-9A1E7A4F7556}") = "ConsultantApp.Models", "Models\ConsultantApp.Models.csproj", "{8EC452C0-217B-40CF-8A4F-C05DAF20515B}"
EndProject
Project("{9A19103F-16F7-4668-BE54-9A1E7A4F7556}") = "ConsultantApp.Repositories", "ConsultantApp.Repositories\ConsultantApp.Repositories.csproj", "{0D5EF437-A1E9-45E2-96A3-F4A5100143D0}"
EndProject
Project("{9A19103F-16F7-4668-BE54-9A1E7A4F7556}") = "ConsultantApp.Services", "ConsultantApp.Services\ConsultantApp.Services.csproj", "{9A11BD55-9F10-4D0F-A0EE-03983931E8C9}"
EndProject
Project("{FAE04EC0-301F-11D3-BF4B-00C04F79EFBC}") = "Consultant.App", "Consultant.App\Consultant.App.csproj", "{0BBE509D-5CC2-4DBF-B30A-E06D2EBB7F45}"
EndProject
Global
	GlobalSection(SolutionConfigurationPlatforms) = preSolution
		Debug|Any CPU = Debug|Any CPU
		Release|Any CPU = Release|Any CPU
	EndGlobalSection
	GlobalSection(ProjectConfigurationPlatforms) = postSolution
		{8EC452C0-217B-40CF-8A4F-C05DAF20515B}.Debug|Any CPU.ActiveCfg = Debug|Any CPU
		{8EC452C0-217B-40CF-8A4F-C05DAF20515B}.Debug|Any CPU.Build.0 = Debug|Any CPU
		{8EC452C0-217B-40CF-8A4F-C05DAF20515B}.Release|Any CPU.ActiveCfg = Release|Any CPU
		{8EC452C0-217B-40CF-8A4F-C05DAF20515B}.Release|Any CPU.Build.0 = Release|Any CPU
		{0D5EF437-A1E9-45E2-96A3-F4A5100143D0}.Debug|Any CPU.ActiveCfg = Debug|Any CPU
		{0D5EF437-A1E9-45E2-96A3-F4A5100143D0}.Debug|Any CPU.Build.0 = Debug|Any CPU
		{0D5EF437-A1E9-45E2-96A3-F4A5100143D0}.Release|Any CPU.ActiveCfg = Release|Any CPU
		{0D5EF437-A1E9-45E2-96A3-F4A5100143D0}.Release|Any CPU.Build.0 = Release|Any CPU
		{9A11BD55-9F10-4D0F-A0EE-03983931E8C9}.Debug|Any CPU.ActiveCfg = Debug|Any CPU
		{9A11BD55-9F10-4D0F-A0EE-03983931E8C9}.Debug|Any CPU.Build.0 = Debug|Any CPU
		{9A11BD55-9F10-4D0F-A0EE-03983931E8C9}.Release|Any CPU.ActiveCfg = Release|Any CPU
		{9A11BD55-9F10-4D0F-A0EE-03983931E8C9}.Release|Any CPU.Build.0 = Release|Any CPU
		{0BBE509D-5CC2-4DBF-B30A-E06D2EBB7F45}.Debug|Any CPU.ActiveCfg = Debug|Any CPU
		{0BBE509D-5CC2-4DBF-B30A-E06D2EBB7F45}.Debug|Any CPU.Build.0 = Debug|Any CPU
		{0BBE509D-5CC2-4DBF-B30A-E06D2EBB7F45}.Release|Any CPU.ActiveCfg = Release|Any CPU
		{0BBE509D-5CC2-4DBF-B30A-E06D2EBB7F45}.Release|Any CPU.Build.0 = Release|Any CPU
	EndGlobalSection
	GlobalSection(SolutionProperties) = preSolution
		HideSolutionNode = FALSE
	EndGlobalSection
	GlobalSection(ExtensibilityGlobals) = postSolution
		SolutionGuid = {2F1F8878-8106-467C-8C57-E2CBE891CC6A}
	EndGlobalSection
EndGlobal
